{
  "name": "backend",
  "version": "1.0.0",
  "lockfileVersion": 3,
  "requires": true,
  "packages": {
    "": {
      "name": "backend",
      "version": "1.0.0",
      "license": "ISC",
      "dependencies": {
        "systeminformation": "^5.33.15"
      }
    },
    "node_modules/systeminformation": {
      "version": "5.33.15",
      "resolved": "https://registry.npmjs.org/systeminformation/-/systeminformation-5.33.15.tgz",
      "integrity": "sha512-s5RloL0F7xhN0ZjfHtLGnbf7EW74EI0N8NFL+1xR7Oxz9QA33obNZsl7lyfnJOhN04E/kGFPoJPlvY7TZ5fzmw==",
      "license": "MIT",
      "os": [
        "darwin",
        "linux",
        "win32",
        "freebsd",
        "openbsd",
        "netbsd",
        "sunos",
        "android"
      ],
      "bin": {
        "systeminformation": "lib/cli.js"
      },
      "engines": {
        "node": ">=10.0.0"
      },
      "funding": {
        "type": "Buy me a coffee",
        "url": "https://www.buymeacoffee.com/systeminfo"
      }
    }
  }
}
